
Microsoft Visual Studio Solution File, Format Version 12.00
# Visual Studio Version 17
VisualStudioVersion = 17.1.32328.378
MinimumVisualStudioVersion = 10.0.40219.1
Project("{9A19103F-16F7-4668-BE54-9A1E7A4F7556}") = "Webresource.Syncer", "Webresource.Syncer\Webresource.Syncer.csproj", "{E593E1F2-4887-4CFC-A849-1DAAF9CB194D}"
EndProject
Global
	GlobalSection(SolutionConfigurationPlatforms) = preSolution
		Debug|Any CPU = Debug|Any CPU
		Release|Any CPU = Release|Any CPU
	EndGlobalSection
	GlobalSection(ProjectConfigurationPlatforms) = postSolution
		{E593E1F2-4887-4CFC-A849-1DAAF9CB194D}.Debug|Any CPU.ActiveCfg = Debug|Any CPU
		{E593E1F2-4887-4CFC-A849-1DAAF9CB194D}.Debug|Any CPU.Build.0 = Debug|Any CPU
		{E593E1F2-4887-4CFC-A849-1DAAF9CB194D}.Release|Any CPU.ActiveCfg = Release|Any CPU
		{E593E1F2-4887-4CFC-A849-1DAAF9CB194D}.Release|Any CPU.Build.0 = Release|Any CPU
	EndGlobalSection
	GlobalSection(SolutionProperties) = preSolution
		HideSolutionNode = FALSE
	EndGlobalSection
	GlobalSection(ExtensibilityGlobals) = postSolution
		SolutionGuid = {EF58A709-78B5-47A6-9031-197AC72F0118}
	EndGlobalSection
EndGlobal
